
Microsoft Visual Studio Solution File, Format Version 12.00
# Visual Studio 2012
Project("{8BC9CEB8-8B4A-11D0-8D11-00A0C91BC942}") = "AS3", "AS3.vcxproj", "{FCB80DF9-9102-4FC1-B18F-829B1CD4EF78}"
EndProject
Global
	GlobalSection(SolutionConfigurationPlatforms) = preSolution
		Debug|Win32 = Debug|Win32
		Release|Win32 = Release|Win32
	EndGlobalSection
	GlobalSection(ProjectConfigurationPlatforms) = postSolution
		{FCB80DF9-9102-4FC1-B18F-829B1CD4EF78}.Debug|Win32.ActiveCfg = Debug|Win32
		{FCB80DF9-9102-4FC1-B18F-829B1CD4EF78}.Debug|Win32.Build.0 = Debug|Win32
		{FCB80DF9-9102-4FC1-B18F-829B1CD4EF78}.Release|Win32.ActiveCfg = Release|Win32
		{FCB80DF9-9102-4FC1-B18F-829B1CD4EF78}.Release|Win32.Build.0 = Release|Win32
	EndGlobalSection
	GlobalSection(SolutionProperties) = preSolution
		HideSolutionNode = FALSE
	EndGlobalSection
EndGlobal
